
Microsoft Visual Studio Solution File, Format Version 12.00
# Visual Studio Version 17
VisualStudioVersion = 17.14.37710.0 d17.14
MinimumVisualStudioVersion = 10.0.40219.1
Project("{FAE04EC0-301F-11D3-BF4B-00C04F79EFBC}") = "NguyenDinhNhatHuy_KtraFE", "NguyenDinhNhatHuy_KtraFE\NguyenDinhNhatHuy_KtraFE.csproj", "{2600C39A-1705-4F35-BC56-8A733A3DB5F4}"
EndProject
Global
	GlobalSection(SolutionConfigurationPlatforms) = preSolution
		Debug|Any CPU = Debug|Any CPU
		Release|Any CPU = Release|Any CPU
	EndGlobalSection
	GlobalSection(ProjectConfigurationPlatforms) = postSolution
		{2600C39A-1705-4F35-BC56-8A733A3DB5F4}.Debug|Any CPU.ActiveCfg = Debug|Any CPU
		{2600C39A-1705-4F35-BC56-8A733A3DB5F4}.Debug|Any CPU.Build.0 = Debug|Any CPU
		{2600C39A-1705-4F35-BC56-8A733A3DB5F4}.Release|Any CPU.ActiveCfg = Release|Any CPU
		{2600C39A-1705-4F35-BC56-8A733A3DB5F4}.Release|Any CPU.Build.0 = Release|Any CPU
	EndGlobalSection
	GlobalSection(SolutionProperties) = preSolution
		HideSolutionNode = FALSE
	EndGlobalSection
	GlobalSection(ExtensibilityGlobals) = postSolution
		SolutionGuid = {15C125A0-F3D1-45C6-BA6E-65C04D18EA5B}
	EndGlobalSection
EndGlobal
